{
	"name": "@surfy/minify",
	"version": "1.0.1",
	"lockfileVersion": 3,
	"requires": true,
	"packages": {
		"": {
			"name": "@surfy/minify",
			"version": "1.0.1",
			"license": "MIT",
			"dependencies": {
				"@surfy/jscompose": "^1.0.0",
				"autoprefixer": "^10.4.18",
				"browserslist": "^4.23.0",
				"caniuse-lite": "^1.0.30001599",
				"minify": "^11.1.1",
				"postcss": "^8.4.36",
				"postcss-css-variables": "^0.19.0",
				"sass": "^1.72.0"
			},
			"bin": {
				"minify": ".bin/minify"
			}
		},
		"node_modules/@jridgewell/gen-mapping": {
			"version": "0.3.5",
			"resolved": "https://registry.npmjs.org/@jridgewell/gen-mapping/-/gen-mapping-0.3.5.tgz",
			"integrity": "sha512-IzL8ZoEDIBRWEzlCcRhOaCupYyN5gdIK+Q6fbFdPDg6HqX6jpkItn7DFIpW9LQzXG6Df9sA7+OKnq0qlz/GaQg==",
			"dependencies": {
				"@jridgewell/set-array": "^1.2.1",
				"@jridgewell/sourcemap-codec": "^1.4.10",
				"@jridgewell/trace-mapping": "^0.3.24"
			},
			"engines": {
				"node": ">=6.0.0"
			}
		},
		"node_modules/@jridgewell/resolve-uri": {
			"version": "3.1.2",
			"resolved": "https://registry.npmjs.org/@jridgewell/resolve-uri/-/resolve-uri-3.1.2.tgz",
			"integrity": "sha512-bRISgCIjP20/tbWSPWMEi54QVPRZExkuD9lJL+UIxUKtwVJA8wW1Trb1jMs1RFXo1CBTNZ/5hpC9QvmKWdopKw==",
			"engines": {
				"node": ">=6.0.0"
			}
		},
		"node_modules/@jridgewell/set-array": {
			"version": "1.2.1",
			"resolved": "https://registry.npmjs.org/@jridgewell/set-array/-/set-array-1.2.1.tgz",
			"integrity": "sha512-R8gLRTZeyp03ymzP/6Lil/28tGeGEzhx1q2k703KGWRAI1VdvPIXdG70VJc2pAMw3NA6JKL5hhFu1sJX0Mnn/A==",
			"engines": {
				"node": ">=6.0.0"
			}
		},
		"node_modules/@jridgewell/source-map": {
			"version": "0.3.6",
			"resolved": "https://registry.npmjs.org/@jridgewell/source-map/-/source-map-0.3.6.tgz",
			"integrity": "sha512-1ZJTZebgqllO79ue2bm3rIGud/bOe0pP5BjSRCRxxYkEZS8STV7zN84UBbiYu7jy+eCKSnVIUgoWWE/tt+shMQ==",
			"dependencies": {
				"@jridgewell/gen-mapping": "^0.3.5",
				"@jridgewell/trace-mapping": "^0.3.25"
			}
		},
		"node_modules/@jridgewell/sourcemap-codec": {
			"version": "1.4.15",
			"resolved": "https://registry.npmjs.org/@jridgewell/sourcemap-codec/-/sourcemap-codec-1.4.15.tgz",
			"integrity": "sha512-eF2rxCRulEKXHTRiDrDy6erMYWqNw4LPdQ8UQA4huuxaQsVeRPFl2oM8oDGxMFhJUWZf9McpLtJasDDZb/Bpeg=="
		},
		"node_modules/@jridgewell/trace-mapping": {
			"version": "0.3.25",
			"resolved": "https://registry.npmjs.org/@jridgewell/trace-mapping/-/trace-mapping-0.3.25.tgz",
			"integrity": "sha512-vNk6aEwybGtawWmy/PzwnGDOjCkLWSD2wqvjGGAgOAwCGWySYXfYoxt00IJkTF+8Lb57DwOb3Aa0o9CApepiYQ==",
			"dependencies": {
				"@jridgewell/resolve-uri": "^3.1.0",
				"@jridgewell/sourcemap-codec": "^1.4.14"
			}
		},
		"node_modules/@putout/minify": {
			"version": "3.8.5",
			"resolved": "https://registry.npmjs.org/@putout/minify/-/minify-3.8.5.tgz",
			"integrity": "sha512-m7Umg719m9kqcq7kV6RXtoRZZyUKn1YQOExfpgbHCYCJvwHPR2J/lADtgtkCFZslUKIyqSsjYUmQeKqDGJpXDg==",
			"engines": {
				"node": ">=18"
			}
		},
		"node_modules/@surfy/jscompose": {
			"version": "1.0.0",
			"resolved": "https://registry.npmjs.org/@surfy/jscompose/-/jscompose-1.0.0.tgz",
			"integrity": "sha512-6U9ekV8Tz/h3kgxjc7TMvJXmviLxwRT+3T2DP1Px1Y3DuwbjIMVsgWF9e8jsoG3ynFqiUhJojzUzCks4ydXSYQ=="
		},
		"node_modules/acorn": {
			"version": "8.8.2",
			"resolved": "https://registry.npmjs.org/acorn/-/acorn-8.8.2.tgz",
			"integrity": "sha512-xjIYgE8HBrkpd/sJqOGNspf8uHG+NOHGOw6a/Urj8taM2EXfdNAH2oFcPeIFfsv3+kz/mJrS5VuMqbNLjCa2vw==",
			"bin": {
				"acorn": "bin/acorn"
			},
			"engines": {
				"node": ">=0.4.0"
			}
		},
		"node_modules/anymatch": {
			"version": "3.1.3",
			"resolved": "https://registry.npmjs.org/anymatch/-/anymatch-3.1.3.tgz",
			"integrity": "sha512-KMReFUr0B4t+D+OBkjR3KYqvocp2XaSzO55UcB6mgQMd3KbcE+mWTyvVV7D/zsdEbNnV6acZUutkiHQXvTr1Rw==",
			"dependencies": {
				"normalize-path": "^3.0.0",
				"picomatch": "^2.0.4"
			},
			"engines": {
				"node": ">= 8"
			}
		},
		"node_modules/autoprefixer": {
			"version": "10.4.18",
			"resolved": "https://registry.npmjs.org/autoprefixer/-/autoprefixer-10.4.18.tgz",
			"integrity": "sha512-1DKbDfsr6KUElM6wg+0zRNkB/Q7WcKYAaK+pzXn+Xqmszm/5Xa9coeNdtP88Vi+dPzZnMjhge8GIV49ZQkDa+g==",
			"funding": [
				{
					"type": "opencollective",
					"url": "https://opencollective.com/postcss/"
				},
				{
					"type": "tidelift",
					"url": "https://tidelift.com/funding/github/npm/autoprefixer"
				},
				{
					"type": "github",
					"url": "https://github.com/sponsors/ai"
				}
			],
			"dependencies": {
				"browserslist": "^4.23.0",
				"caniuse-lite": "^1.0.30001591",
				"fraction.js": "^4.3.7",
				"normalize-range": "^0.1.2",
				"picocolors": "^1.0.0",
				"postcss-value-parser": "^4.2.0"
			},
			"bin": {
				"autoprefixer": "bin/autoprefixer"
			},
			"engines": {
				"node": "^10 || ^12 || >=14"
			},
			"peerDependencies": {
				"postcss": "^8.1.0"
			}
		},
		"node_modules/balanced-match": {
			"version": "1.0.2",
			"resolved": "https://registry.npmjs.org/balanced-match/-/balanced-match-1.0.2.tgz",
			"integrity": "sha512-3oSeUO0TMV67hN1AmbXsK4yaqU7tjiHlbxRDZOpH0KW9+CeX4bRAaX0Anxt0tx2MrpRpWwQaPwIlISEJhYU5Pw=="
		},
		"node_modules/binary-extensions": {
			"version": "2.2.0",
			"resolved": "https://registry.npmjs.org/binary-extensions/-/binary-extensions-2.2.0.tgz",
			"integrity": "sha512-jDctJ/IVQbZoJykoeHbhXpOlNBqGNcwXJKJog42E5HDPUwQTSdjCHdihjj0DlnheQ7blbT6dHOafNAiS8ooQKA==",
			"engines": {
				"node": ">=8"
			}
		},
		"node_modules/braces": {
			"version": "3.0.2",
			"resolved": "https://registry.npmjs.org/braces/-/braces-3.0.2.tgz",
			"integrity": "sha512-b8um+L1RzM3WDSzvhm6gIz1yfTbBt6YTlcEKAvsmqCZZFw46z626lVj9j1yEPW33H5H+lBQpZMP1k8l+78Ha0A==",
			"dependencies": {
				"fill-range": "^7.0.1"
			},
			"engines": {
				"node": ">=8"
			}
		},
		"node_modules/browserslist": {
			"version": "4.23.0",
			"resolved": "https://registry.npmjs.org/browserslist/-/browserslist-4.23.0.tgz",
			"integrity": "sha512-QW8HiM1shhT2GuzkvklfjcKDiWFXHOeFCIA/huJPwHsslwcydgk7X+z2zXpEijP98UCY7HbubZt5J2Zgvf0CaQ==",
			"funding": [
				{
					"type": "opencollective",
					"url": "https://opencollective.com/browserslist"
				},
				{
					"type": "tidelift",
					"url": "https://tidelift.com/funding/github/npm/browserslist"
				},
				{
					"type": "github",
					"url": "https://github.com/sponsors/ai"
				}
			],
			"dependencies": {
				"caniuse-lite": "^1.0.30001587",
				"electron-to-chromium": "^1.4.668",
				"node-releases": "^2.0.14",
				"update-browserslist-db": "^1.0.13"
			},
			"bin": {
				"browserslist": "cli.js"
			},
			"engines": {
				"node": "^6 || ^7 || ^8 || ^9 || ^10 || ^11 || ^12 || >=13.7"
			}
		},
		"node_modules/buffer-from": {
			"version": "1.1.2",
			"resolved": "https://registry.npmjs.org/buffer-from/-/buffer-from-1.1.2.tgz",
			"integrity": "sha512-E+XQCRwSbaaiChtv6k6Dwgc+bx+Bs6vuKJHHl5kox/BaKbhiXzqQOwK4cO22yElGp2OCmjwVhT3HmxgyPGnJfQ=="
		},
		"node_modules/camel-case": {
			"version": "4.1.2",
			"resolved": "https://registry.npmjs.org/camel-case/-/camel-case-4.1.2.tgz",
			"integrity": "sha512-gxGWBrTT1JuMx6R+o5PTXMmUnhnVzLQ9SNutD4YqKtI6ap897t3tKECYla6gCWEkplXnlNybEkZg9GEGxKFCgw==",
			"dependencies": {
				"pascal-case": "^3.1.2",
				"tslib": "^2.0.3"
			}
		},
		"node_modules/caniuse-lite": {
			"version": "1.0.30001599",
			"resolved": "https://registry.npmjs.org/caniuse-lite/-/caniuse-lite-1.0.30001599.tgz",
			"integrity": "sha512-LRAQHZ4yT1+f9LemSMeqdMpMxZcc4RMWdj4tiFe3G8tNkWK+E58g+/tzotb5cU6TbcVJLr4fySiAW7XmxQvZQA==",
			"funding": [
				{
					"type": "opencollective",
					"url": "https://opencollective.com/browserslist"
				},
				{
					"type": "tidelift",
					"url": "https://tidelift.com/funding/github/npm/caniuse-lite"
				},
				{
					"type": "github",
					"url": "https://github.com/sponsors/ai"
				}
			]
		},
		"node_modules/chokidar": {
			"version": "3.5.3",
			"resolved": "https://registry.npmjs.org/chokidar/-/chokidar-3.5.3.tgz",
			"integrity": "sha512-Dr3sfKRP6oTcjf2JmUmFJfeVMvXBdegxB0iVQ5eb2V10uFJUCAS8OByZdVAyVb8xXNz3GjjTgj9kLWsZTqE6kw==",
			"funding": [
				{
					"type": "individual",
					"url": "https://paulmillr.com/funding/"
				}
			],
			"dependencies": {
				"anymatch": "~3.1.2",
				"braces": "~3.0.2",
				"glob-parent": "~5.1.2",
				"is-binary-path": "~2.1.0",
				"is-glob": "~4.0.1",
				"normalize-path": "~3.0.0",
				"readdirp": "~3.6.0"
			},
			"engines": {
				"node": ">= 8.10.0"
			},
			"optionalDependencies": {
				"fsevents": "~2.3.2"
			}
		},
		"node_modules/clean-css": {
			"version": "5.3.2",
			"resolved": "https://registry.npmjs.org/clean-css/-/clean-css-5.3.2.tgz",
			"integrity": "sha512-JVJbM+f3d3Q704rF4bqQ5UUyTtuJ0JRKNbTKVEeujCCBoMdkEi+V+e8oktO9qGQNSvHrFTM6JZRXrUvGR1czww==",
			"dependencies": {
				"source-map": "~0.6.0"
			},
			"engines": {
				"node": ">= 10.0"
			}
		},
		"node_modules/commander": {
			"version": "9.5.0",
			"resolved": "https://registry.npmjs.org/commander/-/commander-9.5.0.tgz",
			"integrity": "sha512-KRs7WVDKg86PWiuAqhDrAQnTXZKraVcCc6vFdL14qrZ/DcWwuRo7VoiYXalXO7S5GKpqYiVEwCbgFDfxNHKJBQ==",
			"engines": {
				"node": "^12.20.0 || >=14"
			}
		},
		"node_modules/css-b64-images": {
			"version": "0.2.5",
			"resolved": "https://registry.npmjs.org/css-b64-images/-/css-b64-images-0.2.5.tgz",
			"integrity": "sha512-TgQBEdP07adhrDfXvI5o6bHGukKBNMzp2Ngckc/6d09zpjD2gc1Hl3Ca1CKgb8FXjHi88+Phv2Uegs2kTL4zjg==",
			"bin": {
				"css-b64-images": "bin/css-b64-images"
			},
			"engines": {
				"node": "*"
			}
		},
		"node_modules/debug": {
			"version": "4.3.4",
			"resolved": "https://registry.npmjs.org/debug/-/debug-4.3.4.tgz",
			"integrity": "sha512-PRWFHuSU3eDtQJPvnNY7Jcket1j0t5OuOsFzPPzsekD52Zl8qUfFIPEiswXqIvHWGVHOgX+7G/vCNNhehwxfkQ==",
			"dependencies": {
				"ms": "2.1.2"
			},
			"engines": {
				"node": ">=6.0"
			},
			"peerDependenciesMeta": {
				"supports-color": {
					"optional": true
				}
			}
		},
		"node_modules/dot-case": {
			"version": "3.0.4",
			"resolved": "https://registry.npmjs.org/dot-case/-/dot-case-3.0.4.tgz",
			"integrity": "sha512-Kv5nKlh6yRrdrGvxeJ2e5y2eRUpkUosIW4A2AS38zwSz27zu7ufDwQPi5Jhs3XAlGNetl3bmnGhQsMtkKJnj3w==",
			"dependencies": {
				"no-case": "^3.0.4",
				"tslib": "^2.0.3"
			}
		},
		"node_modules/electron-to-chromium": {
			"version": "1.4.708",
			"resolved": "https://registry.npmjs.org/electron-to-chromium/-/electron-to-chromium-1.4.708.tgz",
			"integrity": "sha512-iWgEEvREL4GTXXHKohhh33+6Y8XkPI5eHihDmm8zUk5Zo7HICEW+wI/j5kJ2tbuNUCXJ/sNXa03ajW635DiJXA=="
		},
		"node_modules/entities": {
			"version": "4.4.0",
			"resolved": "https://registry.npmjs.org/entities/-/entities-4.4.0.tgz",
			"integrity": "sha512-oYp7156SP8LkeGD0GF85ad1X9Ai79WtRsZ2gxJqtBuzH+98YUV6jkHEKlZkMbcrjJjIVJNIDP/3WL9wQkoPbWA==",
			"engines": {
				"node": ">=0.12"
			},
			"funding": {
				"url": "https://github.com/fb55/entities?sponsor=1"
			}
		},
		"node_modules/escalade": {
			"version": "3.1.2",
			"resolved": "https://registry.npmjs.org/escalade/-/escalade-3.1.2.tgz",
			"integrity": "sha512-ErCHMCae19vR8vQGe50xIsVomy19rg6gFu3+r3jkEO46suLMWBksvVyoGgQV+jOfl84ZSOSlmv6Gxa89PmTGmA==",
			"engines": {
				"node": ">=6"
			}
		},
		"node_modules/escape-string-regexp": {
			"version": "1.0.5",
			"resolved": "https://registry.npmjs.org/escape-string-regexp/-/escape-string-regexp-1.0.5.tgz",
			"integrity": "sha512-vbRorB5FUQWvla16U8R/qgaFIya2qGzwDrNmCZuYKrbdSUMG6I1ZCGQRefkRVhuOkIGVne7BQ35DSfo1qvJqFg==",
			"engines": {
				"node": ">=0.8.0"
			}
		},
		"node_modules/extend": {
			"version": "3.0.2",
			"resolved": "https://registry.npmjs.org/extend/-/extend-3.0.2.tgz",
			"integrity": "sha512-fjquC59cD7CyW6urNXK0FBufkZcoiGG80wTuPujX590cB5Ttln20E2UB4S/WARVqhXffZl2LNgS+gQdPIIim/g=="
		},
		"node_modules/fill-range": {
			"version": "7.0.1",
			"resolved": "https://registry.npmjs.org/fill-range/-/fill-range-7.0.1.tgz",
			"integrity": "sha512-qOo9F+dMUmC2Lcb4BbVvnKJxTPjCm+RRpe4gDuGrzkL7mEVl/djYSu2OdQ2Pa302N4oqkSg9ir6jaLWJ2USVpQ==",
			"dependencies": {
				"to-regex-range": "^5.0.1"
			},
			"engines": {
				"node": ">=8"
			}
		},
		"node_modules/find-up": {
			"version": "7.0.0",
			"resolved": "https://registry.npmjs.org/find-up/-/find-up-7.0.0.tgz",
			"integrity": "sha512-YyZM99iHrqLKjmt4LJDj58KI+fYyufRLBSYcqycxf//KpBk9FoewoGX0450m9nB44qrZnovzC2oeP5hUibxc/g==",
			"dependencies": {
				"locate-path": "^7.2.0",
				"path-exists": "^5.0.0",
				"unicorn-magic": "^0.1.0"
			},
			"engines": {
				"node": ">=18"
			},
			"funding": {
				"url": "https://github.com/sponsors/sindresorhus"
			}
		},
		"node_modules/fraction.js": {
			"version": "4.3.7",
			"resolved": "https://registry.npmjs.org/fraction.js/-/fraction.js-4.3.7.tgz",
			"integrity": "sha512-ZsDfxO51wGAXREY55a7la9LScWpwv9RxIrYABrlvOFBlH/ShPnrtsXeuUIfXKKOVicNxQ+o8JTbJvjS4M89yew==",
			"engines": {
				"node": "*"
			},
			"funding": {
				"type": "patreon",
				"url": "https://github.com/sponsors/rawify"
			}
		},
		"node_modules/fsevents": {
			"version": "2.3.2",
			"resolved": "https://registry.npmjs.org/fsevents/-/fsevents-2.3.2.tgz",
			"integrity": "sha512-xiqMQR4xAeHTuB9uWm+fFRcIOgKBMiOBP+eXiyT7jsgVCq1bkVygt00oASowB7EdtpOHaaPgKt812P9ab+DDKA==",
			"hasInstallScript": true,
			"optional": true,
			"os": [
				"darwin"
			],
			"engines": {
				"node": "^8.16.0 || ^10.6.0 || >=11.0.0"
			}
		},
		"node_modules/glob-parent": {
			"version": "5.1.2",
			"resolved": "https://registry.npmjs.org/glob-parent/-/glob-parent-5.1.2.tgz",
			"integrity": "sha512-AOIgSQCepiJYwP3ARnGx+5VnTu2HBYdzbGP45eLw1vr3zB3vZLeyed1sC9hnbcOc9/SrMyM5RPQrkGz4aS9Zow==",
			"dependencies": {
				"is-glob": "^4.0.1"
			},
			"engines": {
				"node": ">= 6"
			}
		},
		"node_modules/html-minifier-terser": {
			"version": "7.1.0",
			"resolved": "https://registry.npmjs.org/html-minifier-terser/-/html-minifier-terser-7.1.0.tgz",
			"integrity": "sha512-BvPO2S7Ip0Q5qt+Y8j/27Vclj6uHC6av0TMoDn7/bJPhMWHI2UtR2e/zEgJn3/qYAmxumrGp9q4UHurL6mtW9Q==",
			"dependencies": {
				"camel-case": "^4.1.2",
				"clean-css": "5.2.0",
				"commander": "^9.4.1",
				"entities": "^4.4.0",
				"param-case": "^3.0.4",
				"relateurl": "^0.2.7",
				"terser": "^5.15.1"
			},
			"bin": {
				"html-minifier-terser": "cli.js"
			},
			"engines": {
				"node": "^14.13.1 || >=16.0.0"
			}
		},
		"node_modules/html-minifier-terser/node_modules/clean-css": {
			"version": "5.2.0",
			"resolved": "https://registry.npmjs.org/clean-css/-/clean-css-5.2.0.tgz",
			"integrity": "sha512-2639sWGa43EMmG7fn8mdVuBSs6HuWaSor+ZPoFWzenBc6oN+td8YhTfghWXZ25G1NiiSvz8bOFBS7PdSbTiqEA==",
			"dependencies": {
				"source-map": "~0.6.0"
			},
			"engines": {
				"node": ">= 10.0"
			}
		},
		"node_modules/immutable": {
			"version": "4.2.4",
			"resolved": "https://registry.npmjs.org/immutable/-/immutable-4.2.4.tgz",
			"integrity": "sha512-WDxL3Hheb1JkRN3sQkyujNlL/xRjAo3rJtaU5xeufUauG66JdMr32bLj4gF+vWl84DIA3Zxw7tiAjneYzRRw+w=="
		},
		"node_modules/is-binary-path": {
			"version": "2.1.0",
			"resolved": "https://registry.npmjs.org/is-binary-path/-/is-binary-path-2.1.0.tgz",
			"integrity": "sha512-ZMERYes6pDydyuGidse7OsHxtbI7WVeUEozgR/g7rd0xUimYNlvZRE/K2MgZTjWy725IfelLeVcEM97mmtRGXw==",
			"dependencies": {
				"binary-extensions": "^2.0.0"
			},
			"engines": {
				"node": ">=8"
			}
		},
		"node_modules/is-extglob": {
			"version": "2.1.1",
			"resolved": "https://registry.npmjs.org/is-extglob/-/is-extglob-2.1.1.tgz",
			"integrity": "sha512-SbKbANkN603Vi4jEZv49LeVJMn4yGwsbzZworEoyEiutsN3nJYdbO36zfhGJ6QEDpOZIFkDtnq5JRxmvl3jsoQ==",
			"engines": {
				"node": ">=0.10.0"
			}
		},
		"node_modules/is-glob": {
			"version": "4.0.3",
			"resolved": "https://registry.npmjs.org/is-glob/-/is-glob-4.0.3.tgz",
			"integrity": "sha512-xelSayHH36ZgE7ZWhli7pW34hNbNl8Ojv5KVmkJD4hBdD3th8Tfk9vYasLM+mXWOZhFkgZfxhLSnrwRr4elSSg==",
			"dependencies": {
				"is-extglob": "^2.1.1"
			},
			"engines": {
				"node": ">=0.10.0"
			}
		},
		"node_modules/is-number": {
			"version": "7.0.0",
			"resolved": "https://registry.npmjs.org/is-number/-/is-number-7.0.0.tgz",
			"integrity": "sha512-41Cifkg6e8TylSpdtTpeLVMqvSBEVzTttHvERD741+pnZ8ANv0004MRL43QKPDlK9cGvNp6NZWZUBlbGXYxxng==",
			"engines": {
				"node": ">=0.12.0"
			}
		},
		"node_modules/jju": {
			"version": "1.4.0",
			"resolved": "https://registry.npmjs.org/jju/-/jju-1.4.0.tgz",
			"integrity": "sha512-8wb9Yw966OSxApiCt0K3yNJL8pnNeIv+OEq2YMidz4FKP6nonSRoOXc80iXY4JaN2FC11B9qsNmDsm+ZOfMROA=="
		},
		"node_modules/locate-path": {
			"version": "7.2.0",
			"resolved": "https://registry.npmjs.org/locate-path/-/locate-path-7.2.0.tgz",
			"integrity": "sha512-gvVijfZvn7R+2qyPX8mAuKcFGDf6Nc61GdvGafQsHL0sBIxfKzA+usWn4GFC/bk+QdwPUD4kWFJLhElipq+0VA==",
			"dependencies": {
				"p-locate": "^6.0.0"
			},
			"engines": {
				"node": "^12.20.0 || ^14.13.1 || >=16.0.0"
			},
			"funding": {
				"url": "https://github.com/sponsors/sindresorhus"
			}
		},
		"node_modules/lower-case": {
			"version": "2.0.2",
			"resolved": "https://registry.npmjs.org/lower-case/-/lower-case-2.0.2.tgz",
			"integrity": "sha512-7fm3l3NAF9WfN6W3JOmf5drwpVqX78JtoGJ3A6W0a6ZnldM41w2fV5D490psKFTpMds8TJse/eHLFFsNHHjHgg==",
			"dependencies": {
				"tslib": "^2.0.3"
			}
		},
		"node_modules/minify": {
			"version": "11.1.1",
			"resolved": "https://registry.npmjs.org/minify/-/minify-11.1.1.tgz",
			"integrity": "sha512-uxU7kBTvZE4Vnqaa00pV1/p5CpDH0Nu43hPhScATbgde41B7XNlQfax2kaYoxwQpZKJjGz86+16/2rlZXhIz5g==",
			"dependencies": {
				"@putout/minify": "^3.0.0",
				"clean-css": "^5.0.1",
				"css-b64-images": "~0.2.5",
				"debug": "^4.1.0",
				"find-up": "^7.0.0",
				"html-minifier-terser": "^7.1.0",
				"readjson": "^2.2.2",
				"simport": "^1.2.0",
				"terser": "^5.28.1",
				"try-catch": "^3.0.0",
				"try-to-catch": "^3.0.0"
			},
			"bin": {
				"minify": "bin/minify.js"
			},
			"engines": {
				"node": ">=18"
			}
		},
		"node_modules/ms": {
			"version": "2.1.2",
			"resolved": "https://registry.npmjs.org/ms/-/ms-2.1.2.tgz",
			"integrity": "sha512-sGkPx+VjMtmA6MX27oA4FBFELFCZZ4S4XqeGOXCv68tT+jb3vk/RyaKWP0PTKyWtmLSM0b+adUTEvbs1PEaH2w=="
		},
		"node_modules/nanoid": {
			"version": "3.3.7",
			"resolved": "https://registry.npmjs.org/nanoid/-/nanoid-3.3.7.tgz",
			"integrity": "sha512-eSRppjcPIatRIMC1U6UngP8XFcz8MQWGQdt1MTBQ7NaAmvXDfvNxbvWV3x2y6CdEUciCSsDHDQZbhYaB8QEo2g==",
			"funding": [
				{
					"type": "github",
					"url": "https://github.com/sponsors/ai"
				}
			],
			"bin": {
				"nanoid": "bin/nanoid.cjs"
			},
			"engines": {
				"node": "^10 || ^12 || ^13.7 || ^14 || >=15.0.1"
			}
		},
		"node_modules/no-case": {
			"version": "3.0.4",
			"resolved": "https://registry.npmjs.org/no-case/-/no-case-3.0.4.tgz",
			"integrity": "sha512-fgAN3jGAh+RoxUGZHTSOLJIqUc2wmoBwGR4tbpNAKmmovFoWq0OdRkb0VkldReO2a2iBT/OEulG9XSUc10r3zg==",
			"dependencies": {
				"lower-case": "^2.0.2",
				"tslib": "^2.0.3"
			}
		},
		"node_modules/node-releases": {
			"version": "2.0.14",
			"resolved": "https://registry.npmjs.org/node-releases/-/node-releases-2.0.14.tgz",
			"integrity": "sha512-y10wOWt8yZpqXmOgRo77WaHEmhYQYGNA6y421PKsKYWEK8aW+cqAphborZDhqfyKrbZEN92CN1X2KbafY2s7Yw=="
		},
		"node_modules/normalize-path": {
			"version": "3.0.0",
			"resolved": "https://registry.npmjs.org/normalize-path/-/normalize-path-3.0.0.tgz",
			"integrity": "sha512-6eZs5Ls3WtCisHWp9S2GUy8dqkpGi4BVSz3GaqiE6ezub0512ESztXUwUB6C6IKbQkY2Pnb/mD4WYojCRwcwLA==",
			"engines": {
				"node": ">=0.10.0"
			}
		},
		"node_modules/normalize-range": {
			"version": "0.1.2",
			"resolved": "https://registry.npmjs.org/normalize-range/-/normalize-range-0.1.2.tgz",
			"integrity": "sha512-bdok/XvKII3nUpklnV6P2hxtMNrCboOjAcyBuQnWEhO665FwrSNRxU+AqpsyvO6LgGYPspN+lu5CLtw4jPRKNA==",
			"engines": {
				"node": ">=0.10.0"
			}
		},
		"node_modules/p-limit": {
			"version": "4.0.0",
			"resolved": "https://registry.npmjs.org/p-limit/-/p-limit-4.0.0.tgz",
			"integrity": "sha512-5b0R4txpzjPWVw/cXXUResoD4hb6U/x9BH08L7nw+GN1sezDzPdxeRvpc9c433fZhBan/wusjbCsqwqm4EIBIQ==",
			"dependencies": {
				"yocto-queue": "^1.0.0"
			},
			"engines": {
				"node": "^12.20.0 || ^14.13.1 || >=16.0.0"
			},
			"funding": {
				"url": "https://github.com/sponsors/sindresorhus"
			}
		},
		"node_modules/p-locate": {
			"version": "6.0.0",
			"resolved": "https://registry.npmjs.org/p-locate/-/p-locate-6.0.0.tgz",
			"integrity": "sha512-wPrq66Llhl7/4AGC6I+cqxT07LhXvWL08LNXz1fENOw0Ap4sRZZ/gZpTTJ5jpurzzzfS2W/Ge9BY3LgLjCShcw==",
			"dependencies": {
				"p-limit": "^4.0.0"
			},
			"engines": {
				"node": "^12.20.0 || ^14.13.1 || >=16.0.0"
			},
			"funding": {
				"url": "https://github.com/sponsors/sindresorhus"
			}
		},
		"node_modules/param-case": {
			"version": "3.0.4",
			"resolved": "https://registry.npmjs.org/param-case/-/param-case-3.0.4.tgz",
			"integrity": "sha512-RXlj7zCYokReqWpOPH9oYivUzLYZ5vAPIfEmCTNViosC78F8F0H9y7T7gG2M39ymgutxF5gcFEsyZQSph9Bp3A==",
			"dependencies": {
				"dot-case": "^3.0.4",
				"tslib": "^2.0.3"
			}
		},
		"node_modules/pascal-case": {
			"version": "3.1.2",
			"resolved": "https://registry.npmjs.org/pascal-case/-/pascal-case-3.1.2.tgz",
			"integrity": "sha512-uWlGT3YSnK9x3BQJaOdcZwrnV6hPpd8jFH1/ucpiLRPh/2zCVJKS19E4GvYHvaCcACn3foXZ0cLB9Wrx1KGe5g==",
			"dependencies": {
				"no-case": "^3.0.4",
				"tslib": "^2.0.3"
			}
		},
		"node_modules/path-exists": {
			"version": "5.0.0",
			"resolved": "https://registry.npmjs.org/path-exists/-/path-exists-5.0.0.tgz",
			"integrity": "sha512-RjhtfwJOxzcFmNOi6ltcbcu4Iu+FL3zEj83dk4kAS+fVpTxXLO1b38RvJgT/0QwvV/L3aY9TAnyv0EOqW4GoMQ==",
			"engines": {
				"node": "^12.20.0 || ^14.13.1 || >=16.0.0"
			}
		},
		"node_modules/picocolors": {
			"version": "1.0.0",
			"resolved": "https://registry.npmjs.org/picocolors/-/picocolors-1.0.0.tgz",
			"integrity": "sha512-1fygroTLlHu66zi26VoTDv8yRgm0Fccecssto+MhsZ0D/DGW2sm8E8AjW7NU5VVTRt5GxbeZ5qBuJr+HyLYkjQ=="
		},
		"node_modules/picomatch": {
			"version": "2.3.1",
			"resolved": "https://registry.npmjs.org/picomatch/-/picomatch-2.3.1.tgz",
			"integrity": "sha512-JU3teHTNjmE2VCGFzuY8EXzCDVwEqB2a8fsIvwaStHhAWJEeVd1o1QD80CU6+ZdEXXSLbSsuLwJjkCBWqRQUVA==",
			"engines": {
				"node": ">=8.6"
			},
			"funding": {
				"url": "https://github.com/sponsors/jonschlinkert"
			}
		},
		"node_modules/postcss": {
			"version": "8.4.36",
			"resolved": "https://registry.npmjs.org/postcss/-/postcss-8.4.36.tgz",
			"integrity": "sha512-/n7eumA6ZjFHAsbX30yhHup/IMkOmlmvtEi7P+6RMYf+bGJSUHc3geH4a0NSZxAz/RJfiS9tooCTs9LAVYUZKw==",
			"funding": [
				{
					"type": "opencollective",
					"url": "https://opencollective.com/postcss/"
				},
				{
					"type": "tidelift",
					"url": "https://tidelift.com/funding/github/npm/postcss"
				},
				{
					"type": "github",
					"url": "https://github.com/sponsors/ai"
				}
			],
			"dependencies": {
				"nanoid": "^3.3.7",
				"picocolors": "^1.0.0",
				"source-map-js": "^1.1.0"
			},
			"engines": {
				"node": "^10 || ^12 || >=14"
			}
		},
		"node_modules/postcss-css-variables": {
			"version": "0.19.0",
			"resolved": "https://registry.npmjs.org/postcss-css-variables/-/postcss-css-variables-0.19.0.tgz",
			"integrity": "sha512-Hr0WEYKLK9VCrY15anHXOd4RCvJy/xRvCnWdplGBeLInwEj6Z14hgzTb2W/39dYTCnS8hnHUfU4/F1zxX0IZuQ==",
			"dependencies": {
				"balanced-match": "^1.0.0",
				"escape-string-regexp": "^1.0.3",
				"extend": "^3.0.1"
			},
			"peerDependencies": {
				"postcss": "^8.2.6"
			}
		},
		"node_modules/postcss-value-parser": {
			"version": "4.2.0",
			"resolved": "https://registry.npmjs.org/postcss-value-parser/-/postcss-value-parser-4.2.0.tgz",
			"integrity": "sha512-1NNCs6uurfkVbeXG4S8JFT9t19m45ICnif8zWLd5oPSZ50QnwMfK+H3jv408d4jw/7Bttv5axS5IiHoLaVNHeQ=="
		},
		"node_modules/readdirp": {
			"version": "3.6.0",
			"resolved": "https://registry.npmjs.org/readdirp/-/readdirp-3.6.0.tgz",
			"integrity": "sha512-hOS089on8RduqdbhvQ5Z37A0ESjsqz6qnRcffsMU3495FuTdqSm+7bhJ29JvIOsBDEEnan5DPu9t3To9VRlMzA==",
			"dependencies": {
				"picomatch": "^2.2.1"
			},
			"engines": {
				"node": ">=8.10.0"
			}
		},
		"node_modules/readjson": {
			"version": "2.2.2",
			"resolved": "https://registry.npmjs.org/readjson/-/readjson-2.2.2.tgz",
			"integrity": "sha512-PdeC9tsmLWBiL8vMhJvocq+OezQ3HhsH2HrN7YkhfYcTjQSa/iraB15A7Qvt7Xpr0Yd2rDNt6GbFwVQDg3HcAw==",
			"dependencies": {
				"jju": "^1.4.0",
				"try-catch": "^3.0.0"
			},
			"engines": {
				"node": ">=10"
			}
		},
		"node_modules/relateurl": {
			"version": "0.2.7",
			"resolved": "https://registry.npmjs.org/relateurl/-/relateurl-0.2.7.tgz",
			"integrity": "sha512-G08Dxvm4iDN3MLM0EsP62EDV9IuhXPR6blNz6Utcp7zyV3tr4HVNINt6MpaRWbxoOHT3Q7YN2P+jaHX8vUbgog==",
			"engines": {
				"node": ">= 0.10"
			}
		},
		"node_modules/sass": {
			"version": "1.72.0",
			"resolved": "https://registry.npmjs.org/sass/-/sass-1.72.0.tgz",
			"integrity": "sha512-Gpczt3WA56Ly0Mn8Sl21Vj94s1axi9hDIzDFn9Ph9x3C3p4nNyvsqJoQyVXKou6cBlfFWEgRW4rT8Tb4i3XnVA==",
			"dependencies": {
				"chokidar": ">=3.0.0 <4.0.0",
				"immutable": "^4.0.0",
				"source-map-js": ">=0.6.2 <2.0.0"
			},
			"bin": {
				"sass": "sass.js"
			},
			"engines": {
				"node": ">=14.0.0"
			}
		},
		"node_modules/simport": {
			"version": "1.2.0",
			"resolved": "https://registry.npmjs.org/simport/-/simport-1.2.0.tgz",
			"integrity": "sha512-85Bm7pKsqiiQ8rmYCaPDdlXZjJvuW6/k/FY8MTtLFMgU7f8S00CgTHfRtWB6KwSb6ek4p9YyG2enG1+yJbl+CA==",
			"dependencies": {
				"readjson": "^2.2.0",
				"try-to-catch": "^3.0.0"
			},
			"engines": {
				"node": ">=12.2"
			}
		},
		"node_modules/source-map": {
			"version": "0.6.1",
			"resolved": "https://registry.npmjs.org/source-map/-/source-map-0.6.1.tgz",
			"integrity": "sha512-UjgapumWlbMhkBgzT7Ykc5YXUT46F0iKu8SGXq0bcwP5dz/h0Plj6enJqjz1Zbq2l5WaqYnrVbwWOWMyF3F47g==",
			"engines": {
				"node": ">=0.10.0"
			}
		},
		"node_modules/source-map-js": {
			"version": "1.1.0",
			"resolved": "https://registry.npmjs.org/source-map-js/-/source-map-js-1.1.0.tgz",
			"integrity": "sha512-9vC2SfsJzlej6MAaMPLu8HiBSHGdRAJ9hVFYN1ibZoNkeanmDmLUcIrj6G9DGL7XMJ54AKg/G75akXl1/izTOw==",
			"engines": {
				"node": ">=0.10.0"
			}
		},
		"node_modules/source-map-support": {
			"version": "0.5.21",
			"resolved": "https://registry.npmjs.org/source-map-support/-/source-map-support-0.5.21.tgz",
			"integrity": "sha512-uBHU3L3czsIyYXKX88fdrGovxdSCoTGDRZ6SYXtSRxLZUzHg5P/66Ht6uoUlHu9EZod+inXhKo3qQgwXUT/y1w==",
			"dependencies": {
				"buffer-from": "^1.0.0",
				"source-map": "^0.6.0"
			}
		},
		"node_modules/terser": {
			"version": "5.29.2",
			"resolved": "https://registry.npmjs.org/terser/-/terser-5.29.2.tgz",
			"integrity": "sha512-ZiGkhUBIM+7LwkNjXYJq8svgkd+QK3UUr0wJqY4MieaezBSAIPgbSPZyIx0idM6XWK5CMzSWa8MJIzmRcB8Caw==",
			"dependencies": {
				"@jridgewell/source-map": "^0.3.3",
				"acorn": "^8.8.2",
				"commander": "^2.20.0",
				"source-map-support": "~0.5.20"
			},
			"bin": {
				"terser": "bin/terser"
			},
			"engines": {
				"node": ">=10"
			}
		},
		"node_modules/terser/node_modules/commander": {
			"version": "2.20.3",
			"resolved": "https://registry.npmjs.org/commander/-/commander-2.20.3.tgz",
			"integrity": "sha512-GpVkmM8vF2vQUkj2LvZmD35JxeJOLCwJ9cUkugyk2nuhbv3+mJvpLYYt+0+USMxE+oj+ey/lJEnhZw75x/OMcQ=="
		},
		"node_modules/to-regex-range": {
			"version": "5.0.1",
			"resolved": "https://registry.npmjs.org/to-regex-range/-/to-regex-range-5.0.1.tgz",
			"integrity": "sha512-65P7iz6X5yEr1cwcgvQxbbIw7Uk3gOy5dIdtZ4rDveLqhrdJP+Li/Hx6tyK0NEb+2GCyneCMJiGqrADCSNk8sQ==",
			"dependencies": {
				"is-number": "^7.0.0"
			},
			"engines": {
				"node": ">=8.0"
			}
		},
		"node_modules/try-catch": {
			"version": "3.0.1",
			"resolved": "https://registry.npmjs.org/try-catch/-/try-catch-3.0.1.tgz",
			"integrity": "sha512-91yfXw1rr/P6oLpHSyHDOHm0vloVvUoo9FVdw8YwY05QjJQG9OT0LUxe2VRAzmHG+0CUOmI3nhxDUMLxDN/NEQ==",
			"engines": {
				"node": ">=6"
			}
		},
		"node_modules/try-to-catch": {
			"version": "3.0.1",
			"resolved": "https://registry.npmjs.org/try-to-catch/-/try-to-catch-3.0.1.tgz",
			"integrity": "sha512-hOY83V84Hx/1sCzDSaJA+Xz2IIQOHRvjxzt+F0OjbQGPZ6yLPLArMA0gw/484MlfUkQbCpKYMLX3VDCAjWKfzQ==",
			"engines": {
				"node": ">=6"
			}
		},
		"node_modules/tslib": {
			"version": "2.5.0",
			"resolved": "https://registry.npmjs.org/tslib/-/tslib-2.5.0.tgz",
			"integrity": "sha512-336iVw3rtn2BUK7ORdIAHTyxHGRIHVReokCR3XjbckJMK7ms8FysBfhLR8IXnAgy7T0PTPNBWKiH514FOW/WSg=="
		},
		"node_modules/unicorn-magic": {
			"version": "0.1.0",
			"resolved": "https://registry.npmjs.org/unicorn-magic/-/unicorn-magic-0.1.0.tgz",
			"integrity": "sha512-lRfVq8fE8gz6QMBuDM6a+LO3IAzTi05H6gCVaUpir2E1Rwpo4ZUog45KpNXKC/Mn3Yb9UDuHumeFTo9iV/D9FQ==",
			"engines": {
				"node": ">=18"
			},
			"funding": {
				"url": "https://github.com/sponsors/sindresorhus"
			}
		},
		"node_modules/update-browserslist-db": {
			"version": "1.0.13",
			"resolved": "https://registry.npmjs.org/update-browserslist-db/-/update-browserslist-db-1.0.13.tgz",
			"integrity": "sha512-xebP81SNcPuNpPP3uzeW1NYXxI3rxyJzF3pD6sH4jE7o/IX+WtSpwnVU+qIsDPyk0d3hmFQ7mjqc6AtV604hbg==",
			"funding": [
				{
					"type": "opencollective",
					"url": "https://opencollective.com/browserslist"
				},
				{
					"type": "tidelift",
					"url": "https://tidelift.com/funding/github/npm/browserslist"
				},
				{
					"type": "github",
					"url": "https://github.com/sponsors/ai"
				}
			],
			"dependencies": {
				"escalade": "^3.1.1",
				"picocolors": "^1.0.0"
			},
			"bin": {
				"update-browserslist-db": "cli.js"
			},
			"peerDependencies": {
				"browserslist": ">= 4.21.0"
			}
		},
		"node_modules/yocto-queue": {
			"version": "1.0.0",
			"resolved": "https://registry.npmjs.org/yocto-queue/-/yocto-queue-1.0.0.tgz",
			"integrity": "sha512-9bnSc/HEW2uRy67wc+T8UwauLuPJVn28jb+GtJY16iiKWyvmYJRXVT4UamsAEGQfPohgr2q4Tq0sQbQlxTfi1g==",
			"engines": {
				"node": ">=12.20"
			},
			"funding": {
				"url": "https://github.com/sponsors/sindresorhus"
			}
		}
	}
}
